
Microsoft Visual Studio Solution File, Format Version 12.00
# Visual Studio Version 16
VisualStudioVersion = 25.0.1703.8
MinimumVisualStudioVersion = 10.0.40219.1
Project("{FAE04EC0-301F-11D3-BF4B-00C04F79EFBC}") = "MyWeb", "MyWeb\MyWeb.csproj", "{F9D408D3-8B05-44CA-BA5D-701E79C653A0}"
EndProject
Global
	GlobalSection(SolutionConfigurationPlatforms) = preSolution
		Debug|Any CPU = Debug|Any CPU
		Release|Any CPU = Release|Any CPU
	EndGlobalSection
	GlobalSection(ProjectConfigurationPlatforms) = postSolution
		{F9D408D3-8B05-44CA-BA5D-701E79C653A0}.Debug|Any CPU.ActiveCfg = Debug|Any CPU
		{F9D408D3-8B05-44CA-BA5D-701E79C653A0}.Debug|Any CPU.Build.0 = Debug|Any CPU
		{F9D408D3-8B05-44CA-BA5D-701E79C653A0}.Release|Any CPU.ActiveCfg = Release|Any CPU
		{F9D408D3-8B05-44CA-BA5D-701E79C653A0}.Release|Any CPU.Build.0 = Release|Any CPU
	EndGlobalSection
	GlobalSection(SolutionProperties) = preSolution
		HideSolutionNode = FALSE
	EndGlobalSection
	GlobalSection(ExtensibilityGlobals) = postSolution
		SolutionGuid = {20CB3EEB-1553-4F5A-AE99-90EA9BBFC985}
	EndGlobalSection
EndGlobal
